# This file is autogenerated, do not edit; changes may be undone by the next 'dep ensure'.


[[projects]]
  branch = "master"
  name = "github.com/philchia/loop"
  packages = ["."]
  revision = "7026faa143da19b61ddc54313e292e575a60366f"

[solve-meta]
  analyzer-name = "dep"
  analyzer-version = 1
  inputs-digest = "7da1e978756504863fc969ab2f5cb5ca92e6587c7a44dc97abe67dba3022c656"
  solver-name = "gps-cdcl"
  solver-version = 1
